// !$*UTF8*$!
{
	archiveVersion = 1;
	classes = {
	};
	objectVersion = 46;
	objects = {

/* Begin PBXBuildFile section */
		2F4108ADAAC20C5A9D7C35CA /* Pods_FlickrList.framework in Frameworks */ = {isa = PBXBuildFile; fileRef = 66BEE3A07FF7D464FC2EBCBE /* Pods_FlickrList.framework */; };
		88635D101DEE2BA700ACDB8C /* NetworkManager.swift in Sources */ = {isa = PBXBuildFile; fileRef = 88635D0F1DEE2BA700ACDB8C /* NetworkManager.swift */; };
		88635D121DEE2BB500ACDB8C /* PhotosManager.swift in Sources */ = {isa = PBXBuildFile; fileRef = 88635D111DEE2BB500ACDB8C /* PhotosManager.swift */; };
		88635D141DEE2BD700ACDB8C /* PhotosListViewController.storyboard in Resources */ = {isa = PBXBuildFile; fileRef = 88635D131DEE2BD700ACDB8C /* PhotosListViewController.storyboard */; };
		88635D191DEE329D00ACDB8C /* Feed.swift in Sources */ = {isa = PBXBuildFile; fileRef = 88635D181DEE329D00ACDB8C /* Feed.swift */; };
		88635D1B1DEE32A900ACDB8C /* ImageItem.swift in Sources */ = {isa = PBXBuildFile; fileRef = 88635D1A1DEE32A900ACDB8C /* ImageItem.swift */; };
		88635D1F1DEE424700ACDB8C /* PhotosListTableViewCell.swift in Sources */ = {isa = PBXBuildFile; fileRef = 88635D1E1DEE424700ACDB8C /* PhotosListTableViewCell.swift */; };
		88635D221DEE4D4400ACDB8C /* StringToDateTransform.swift in Sources */ = {isa = PBXBuildFile; fileRef = 88635D211DEE4D4400ACDB8C /* StringToDateTransform.swift */; };
		88635D251DEE4DE200ACDB8C /* Date+toString.swift in Sources */ = {isa = PBXBuildFile; fileRef = 88635D241DEE4DE200ACDB8C /* Date+toString.swift */; };
		88635D281DEE529600ACDB8C /* PhotoPreviewViewController.swift in Sources */ = {isa = PBXBuildFile; fileRef = 88635D271DEE529600ACDB8C /* PhotoPreviewViewController.swift */; };
		88635D2A1DEE52C800ACDB8C /* PhotoPreviewViewController.storyboard in Resources */ = {isa = PBXBuildFile; fileRef = 88635D291DEE52C800ACDB8C /* PhotoPreviewViewController.storyboard */; };
		88635D2C1DEE552800ACDB8C /* UIViewController+storyboardInstance.swift in Sources */ = {isa = PBXBuildFile; fileRef = 88635D2B1DEE552800ACDB8C /* UIViewController+storyboardInstance.swift */; };
		88635D2E1DEE65AE00ACDB8C /* FlickrParser.swift in Sources */ = {isa = PBXBuildFile; fileRef = 88635D2D1DEE65AE00ACDB8C /* FlickrParser.swift */; };
		88635D311DEE6C3D00ACDB8C /* FiltersViewController.storyboard in Resources */ = {isa = PBXBuildFile; fileRef = 88635D301DEE6C3D00ACDB8C /* FiltersViewController.storyboard */; };
		88635D331DEEE89400ACDB8C /* FiltersViewController.swift in Sources */ = {isa = PBXBuildFile; fileRef = 88635D321DEEE89400ACDB8C /* FiltersViewController.swift */; };
		88635D351DEEF3B400ACDB8C /* FiltersNavigationController.swift in Sources */ = {isa = PBXBuildFile; fileRef = 88635D341DEEF3B400ACDB8C /* FiltersNavigationController.swift */; };
		88635D371DEEF5EB00ACDB8C /* FiltersNavigationController.storyboard in Resources */ = {isa = PBXBuildFile; fileRef = 88635D361DEEF5EB00ACDB8C /* FiltersNavigationController.storyboard */; };
		888D1A671DEDB85E0023D1C2 /* AppDelegate.swift in Sources */ = {isa = PBXBuildFile; fileRef = 888D1A661DEDB85E0023D1C2 /* AppDelegate.swift */; };
		888D1A691DEDB85E0023D1C2 /* PhotosListViewController.swift in Sources */ = {isa = PBXBuildFile; fileRef = 888D1A681DEDB85E0023D1C2 /* PhotosListViewController.swift */; };
		888D1A6C1DEDB85E0023D1C2 /* Root.storyboard in Resources */ = {isa = PBXBuildFile; fileRef = 888D1A6A1DEDB85E0023D1C2 /* Root.storyboard */; };
		888D1A6E1DEDB85E0023D1C2 /* Assets.xcassets in Resources */ = {isa = PBXBuildFile; fileRef = 888D1A6D1DEDB85E0023D1C2 /* Assets.xcassets */; };
		888D1A711DEDB85E0023D1C2 /* LaunchScreen.storyboard in Resources */ = {isa = PBXBuildFile; fileRef = 888D1A6F1DEDB85E0023D1C2 /* LaunchScreen.storyboard */; };
/* End PBXBuildFile section */

/* Begin PBXFileReference section */
		47CA2FB7CF219F1FE089D54C /* Pods-FlickrList.release.xcconfig */ = {isa = PBXFileReference; includeInIndex = 1; lastKnownFileType = text.xcconfig; name = "Pods-FlickrList.release.xcconfig"; path = "Pods/Target Support Files/Pods-FlickrList/Pods-FlickrList.release.xcconfig"; sourceTree = "<group>"; };
		5EF5D137A0B28F80323E935C /* Pods-FlickrList.debug.xcconfig */ = {isa = PBXFileReference; includeInIndex = 1; lastKnownFileType = text.xcconfig; name = "Pods-FlickrList.debug.xcconfig"; path = "Pods/Target Support Files/Pods-FlickrList/Pods-FlickrList.debug.xcconfig"; sourceTree = "<group>"; };
		66BEE3A07FF7D464FC2EBCBE /* Pods_FlickrList.framework */ = {isa = PBXFileReference; explicitFileType = wrapper.framework; includeInIndex = 0; path = Pods_FlickrList.framework; sourceTree = BUILT_PRODUCTS_DIR; };
		88635D0F1DEE2BA700ACDB8C /* NetworkManager.swift */ = {isa = PBXFileReference; fileEncoding = 4; lastKnownFileType = sourcecode.swift; path = NetworkManager.swift; sourceTree = "<group>"; };
		88635D111DEE2BB500ACDB8C /* PhotosManager.swift */ = {isa = PBXFileReference; fileEncoding = 4; lastKnownFileType = sourcecode.swift; path = PhotosManager.swift; sourceTree = "<group>"; };
		88635D131DEE2BD700ACDB8C /* PhotosListViewController.storyboard */ = {isa = PBXFileReference; fileEncoding = 4; lastKnownFileType = file.storyboard; path = PhotosListViewController.storyboard; sourceTree = "<group>"; };
		88635D181DEE329D00ACDB8C /* Feed.swift */ = {isa = PBXFileReference; fileEncoding = 4; lastKnownFileType = sourcecode.swift; path = Feed.swift; sourceTree = "<group>"; };
		88635D1A1DEE32A900ACDB8C /* ImageItem.swift */ = {isa = PBXFileReference; fileEncoding = 4; lastKnownFileType = sourcecode.swift; path = ImageItem.swift; sourceTree = "<group>"; };
		88635D1E1DEE424700ACDB8C /* PhotosListTableViewCell.swift */ = {isa = PBXFileReference; fileEncoding = 4; lastKnownFileType = sourcecode.swift; path = PhotosListTableViewCell.swift; sourceTree = "<group>"; };
		88635D211DEE4D4400ACDB8C /* StringToDateTransform.swift */ = {isa = PBXFileReference; fileEncoding = 4; lastKnownFileType = sourcecode.swift; path = StringToDateTransform.swift; sourceTree = "<group>"; };
		88635D241DEE4DE200ACDB8C /* Date+toString.swift */ = {isa = PBXFileReference; fileEncoding = 4; lastKnownFileType = sourcecode.swift; path = "Date+toString.swift"; sourceTree = "<group>"; };
		88635D271DEE529600ACDB8C /* PhotoPreviewViewController.swift */ = {isa = PBXFileReference; fileEncoding = 4; lastKnownFileType = sourcecode.swift; path = PhotoPreviewViewController.swift; sourceTree = "<group>"; };
		88635D291DEE52C800ACDB8C /* PhotoPreviewViewController.storyboard */ = {isa = PBXFileReference; fileEncoding = 4; lastKnownFileType = file.storyboard; path = PhotoPreviewViewController.storyboard; sourceTree = "<group>"; };
		88635D2B1DEE552800ACDB8C /* UIViewController+storyboardInstance.swift */ = {isa = PBXFileReference; fileEncoding = 4; lastKnownFileType = sourcecode.swift; path = "UIViewController+storyboardInstance.swift"; sourceTree = "<group>"; };
		88635D2D1DEE65AE00ACDB8C /* FlickrParser.swift */ = {isa = PBXFileReference; fileEncoding = 4; lastKnownFileType = sourcecode.swift; path = FlickrParser.swift; sourceTree = "<group>"; };
		88635D301DEE6C3D00ACDB8C /* FiltersViewController.storyboard */ = {isa = PBXFileReference; fileEncoding = 4; lastKnownFileType = file.storyboard; path = FiltersViewController.storyboard; sourceTree = "<group>"; };
		88635D321DEEE89400ACDB8C /* FiltersViewController.swift */ = {isa = PBXFileReference; fileEncoding = 4; lastKnownFileType = sourcecode.swift; path = FiltersViewController.swift; sourceTree = "<group>"; };
		88635D341DEEF3B400ACDB8C /* FiltersNavigationController.swift */ = {isa = PBXFileReference; fileEncoding = 4; lastKnownFileType = sourcecode.swift; path = FiltersNavigationController.swift; sourceTree = "<group>"; };
		88635D361DEEF5EB00ACDB8C /* FiltersNavigationController.storyboard */ = {isa = PBXFileReference; fileEncoding = 4; lastKnownFileType = file.storyboard; path = FiltersNavigationController.storyboard; sourceTree = "<group>"; };
		888D1A631DEDB85E0023D1C2 /* FlickrList.app */ = {isa = PBXFileReference; explicitFileType = wrapper.application; includeInIndex = 0; path = FlickrList.app; sourceTree = BUILT_PRODUCTS_DIR; };
		888D1A661DEDB85E0023D1C2 /* AppDelegate.swift */ = {isa = PBXFileReference; lastKnownFileType = sourcecode.swift; path = AppDelegate.swift; sourceTree = "<group>"; };
		888D1A681DEDB85E0023D1C2 /* PhotosListViewController.swift */ = {isa = PBXFileReference; lastKnownFileType = sourcecode.swift; path = PhotosListViewController.swift; sourceTree = "<group>"; };
		888D1A6B1DEDB85E0023D1C2 /* Base */ = {isa = PBXFileReference; lastKnownFileType = file.storyboard; name = Base; path = Base.lproj/Root.storyboard; sourceTree = "<group>"; };
		888D1A6D1DEDB85E0023D1C2 /* Assets.xcassets */ = {isa = PBXFileReference; lastKnownFileType = folder.assetcatalog; path = Assets.xcassets; sourceTree = "<group>"; };
		888D1A701DEDB85E0023D1C2 /* Base */ = {isa = PBXFileReference; lastKnownFileType = file.storyboard; name = Base; path = Base.lproj/LaunchScreen.storyboard; sourceTree = "<group>"; };
		888D1A721DEDB85E0023D1C2 /* Info.plist */ = {isa = PBXFileReference; lastKnownFileType = text.plist.xml; path = Info.plist; sourceTree = "<group>"; };
/* End PBXFileReference section */

/* Begin PBXFrameworksBuildPhase section */
		888D1A601DEDB85E0023D1C2 /* Frameworks */ = {
			isa = PBXFrameworksBuildPhase;
			buildActionMask = 2147483647;
			files = (
				2F4108ADAAC20C5A9D7C35CA /* Pods_FlickrList.framework in Frameworks */,
			);
			runOnlyForDeploymentPostprocessing = 0;
		};
/* End PBXFrameworksBuildPhase section */

/* Begin PBXGroup section */
		07253346AB8B6527E041E589 /* Frameworks */ = {
			isa = PBXGroup;
			children = (
				66BEE3A07FF7D464FC2EBCBE /* Pods_FlickrList.framework */,
			);
			name = Frameworks;
			sourceTree = "<group>";
		};
		88635D171DEE326B00ACDB8C /* Model */ = {
			isa = PBXGroup;
			children = (
				88635D201DEE4D3700ACDB8C /* Common */,
				88635D181DEE329D00ACDB8C /* Feed.swift */,
				88635D1A1DEE32A900ACDB8C /* ImageItem.swift */,
			);
			name = Model;
			sourceTree = "<group>";
		};
		88635D1C1DEE422200ACDB8C /* UI */ = {
			isa = PBXGroup;
			children = (
				88635D2F1DEE6B3900ACDB8C /* Filters */,
				88635D261DEE525A00ACDB8C /* PhotoPreview */,
				88635D231DEE4DD400ACDB8C /* Util */,
				88635D1D1DEE422A00ACDB8C /* PhotosList */,
			);
			name = UI;
			sourceTree = "<group>";
		};
		88635D1D1DEE422A00ACDB8C /* PhotosList */ = {
			isa = PBXGroup;
			children = (
				888D1A681DEDB85E0023D1C2 /* PhotosListViewController.swift */,
				88635D131DEE2BD700ACDB8C /* PhotosListViewController.storyboard */,
				88635D1E1DEE424700ACDB8C /* PhotosListTableViewCell.swift */,
			);
			name = PhotosList;
			sourceTree = "<group>";
		};
		88635D201DEE4D3700ACDB8C /* Common */ = {
			isa = PBXGroup;
			children = (
				88635D211DEE4D4400ACDB8C /* StringToDateTransform.swift */,
			);
			name = Common;
			sourceTree = "<group>";
		};
		88635D231DEE4DD400ACDB8C /* Util */ = {
			isa = PBXGroup;
			children = (
				88635D241DEE4DE200ACDB8C /* Date+toString.swift */,
				88635D2B1DEE552800ACDB8C /* UIViewController+storyboardInstance.swift */,
				88635D2D1DEE65AE00ACDB8C /* FlickrParser.swift */,
			);
			name = Util;
			sourceTree = "<group>";
		};
		88635D261DEE525A00ACDB8C /* PhotoPreview */ = {
			isa = PBXGroup;
			children = (
				88635D271DEE529600ACDB8C /* PhotoPreviewViewController.swift */,
				88635D291DEE52C800ACDB8C /* PhotoPreviewViewController.storyboard */,
			);
			name = PhotoPreview;
			sourceTree = "<group>";
		};
		88635D2F1DEE6B3900ACDB8C /* Filters */ = {
			isa = PBXGroup;
			children = (
				88635D301DEE6C3D00ACDB8C /* FiltersViewController.storyboard */,
				88635D321DEEE89400ACDB8C /* FiltersViewController.swift */,
				88635D341DEEF3B400ACDB8C /* FiltersNavigationController.swift */,
				88635D361DEEF5EB00ACDB8C /* FiltersNavigationController.storyboard */,
			);
			name = Filters;
			sourceTree = "<group>";
		};
		888D1A5A1DEDB85E0023D1C2 = {
			isa = PBXGroup;
			children = (
				888D1A651DEDB85E0023D1C2 /* FlickrList */,
				888D1A641DEDB85E0023D1C2 /* Products */,
				8B77AA75B59C404E61ED063C /* Pods */,
				07253346AB8B6527E041E589 /* Frameworks */,
			);
			sourceTree = "<group>";
		};
		888D1A641DEDB85E0023D1C2 /* Products */ = {
			isa = PBXGroup;
			children = (
				888D1A631DEDB85E0023D1C2 /* FlickrList.app */,
			);
			name = Products;
			sourceTree = "<group>";
		};
		888D1A651DEDB85E0023D1C2 /* FlickrList */ = {
			isa = PBXGroup;
			children = (
				88635D1C1DEE422200ACDB8C /* UI */,
				88635D171DEE326B00ACDB8C /* Model */,
				88635D111DEE2BB500ACDB8C /* PhotosManager.swift */,
				88635D0F1DEE2BA700ACDB8C /* NetworkManager.swift */,
				888D1A661DEDB85E0023D1C2 /* AppDelegate.swift */,
				888D1A6A1DEDB85E0023D1C2 /* Root.storyboard */,
				888D1A6D1DEDB85E0023D1C2 /* Assets.xcassets */,
				888D1A6F1DEDB85E0023D1C2 /* LaunchScreen.storyboard */,
				888D1A721DEDB85E0023D1C2 /* Info.plist */,
			);
			path = FlickrList;
			sourceTree = "<group>";
		};
		8B77AA75B59C404E61ED063C /* Pods */ = {
			isa = PBXGroup;
			children = (
				5EF5D137A0B28F80323E935C /* Pods-FlickrList.debug.xcconfig */,
				47CA2FB7CF219F1FE089D54C /* Pods-FlickrList.release.xcconfig */,
			);
			name = Pods;
			sourceTree = "<group>";
		};
/* End PBXGroup section */

/* Begin PBXNativeTarget section */
		888D1A621DEDB85E0023D1C2 /* FlickrList */ = {
			isa = PBXNativeTarget;
			buildConfigurationList = 888D1A751DEDB85E0023D1C2 /* Build configuration list for PBXNativeTarget "FlickrList" */;
			buildPhases = (
				693C132A4CF2085C0AA0241C /* [CP] Check Pods Manifest.lock */,
				888D1A5F1DEDB85E0023D1C2 /* Sources */,
				888D1A601DEDB85E0023D1C2 /* Frameworks */,
				888D1A611DEDB85E0023D1C2 /* Resources */,
				DC60FB55474A57B8290D8B3D /* [CP] Embed Pods Frameworks */,
				B936C1E2913CDD8793F2794F /* [CP] Copy Pods Resources */,
			);
			buildRules = (
			);
			dependencies = (
			);
			name = FlickrList;
			productName = FlickrList;
			productReference = 888D1A631DEDB85E0023D1C2 /* FlickrList.app */;
			productType = "com.apple.product-type.application";
		};
/* End PBXNativeTarget section */

/* Begin PBXProject section */
		888D1A5B1DEDB85E0023D1C2 /* Project object */ = {
			isa = PBXProject;
			attributes = {
				LastSwiftUpdateCheck = 0810;
				LastUpgradeCheck = 0810;
				ORGANIZATIONNAME = "Алексей";
				TargetAttributes = {
					888D1A621DEDB85E0023D1C2 = {
						CreatedOnToolsVersion = 8.1;
						DevelopmentTeam = 7HLY3EQ26F;
						ProvisioningStyle = Automatic;
					};
				};
			};
			buildConfigurationList = 888D1A5E1DEDB85E0023D1C2 /* Build configuration list for PBXProject "FlickrList" */;
			compatibilityVersion = "Xcode 3.2";
			developmentRegion = English;
			hasScannedForEncodings = 0;
			knownRegions = (
				en,
				Base,
			);
			mainGroup = 888D1A5A1DEDB85E0023D1C2;
			productRefGroup = 888D1A641DEDB85E0023D1C2 /* Products */;
			projectDirPath = "";
			projectRoot = "";
			targets = (
				888D1A621DEDB85E0023D1C2 /* FlickrList */,
			);
		};
/* End PBXProject section */

/* Begin PBXResourcesBuildPhase section */
		888D1A611DEDB85E0023D1C2 /* Resources */ = {
			isa = PBXResourcesBuildPhase;
			buildActionMask = 2147483647;
			files = (
				888D1A711DEDB85E0023D1C2 /* LaunchScreen.storyboard in Resources */,
				888D1A6E1DEDB85E0023D1C2 /* Assets.xcassets in Resources */,
				88635D311DEE6C3D00ACDB8C /* FiltersViewController.storyboard in Resources */,
				88635D2A1DEE52C800ACDB8C /* PhotoPreviewViewController.storyboard in Resources */,
				88635D371DEEF5EB00ACDB8C /* FiltersNavigationController.storyboard in Resources */,
				88635D141DEE2BD700ACDB8C /* PhotosListViewController.storyboard in Resources */,
				888D1A6C1DEDB85E0023D1C2 /* Root.storyboard in Resources */,
			);
			runOnlyForDeploymentPostprocessing = 0;
		};
/* End PBXResourcesBuildPhase section */

/* Begin PBXShellScriptBuildPhase section */
		693C132A4CF2085C0AA0241C /* [CP] Check Pods Manifest.lock */ = {
			isa = PBXShellScriptBuildPhase;
			buildActionMask = 2147483647;
			files = (
			);
			inputPaths = (
			);
			name = "[CP] Check Pods Manifest.lock";
			outputPaths = (
			);
			runOnlyForDeploymentPostprocessing = 0;
			shellPath = /bin/sh;
			shellScript = "diff \"${PODS_ROOT}/../Podfile.lock\" \"${PODS_ROOT}/Manifest.lock\" > /dev/null\nif [ $? != 0 ] ; then\n    # print error to STDERR\n    echo \"error: The sandbox is not in sync with the Podfile.lock. Run 'pod install' or update your CocoaPods installation.\" >&2\n    exit 1\nfi\n";
			showEnvVarsInLog = 0;
		};
		B936C1E2913CDD8793F2794F /* [CP] Copy Pods Resources */ = {
			isa = PBXShellScriptBuildPhase;
			buildActionMask = 2147483647;
			files = (
			);
			inputPaths = (
			);
			name = "[CP] Copy Pods Resources";
			outputPaths = (
			);
			runOnlyForDeploymentPostprocessing = 0;
			shellPath = /bin/sh;
			shellScript = "\"${SRCROOT}/Pods/Target Support Files/Pods-FlickrList/Pods-FlickrList-resources.sh\"\n";
			showEnvVarsInLog = 0;
		};
		DC60FB55474A57B8290D8B3D /* [CP] Embed Pods Frameworks */ = {
			isa = PBXShellScriptBuildPhase;
			buildActionMask = 2147483647;
			files = (
			);
			inputPaths = (
			);
			name = "[CP] Embed Pods Frameworks";
			outputPaths = (
			);
			runOnlyForDeploymentPostprocessing = 0;
			shellPath = /bin/sh;
			shellScript = "\"${SRCROOT}/Pods/Target Support Files/Pods-FlickrList/Pods-FlickrList-frameworks.sh\"\n";
			showEnvVarsInLog = 0;
		};
/* End PBXShellScriptBuildPhase section */

/* Begin PBXSourcesBuildPhase section */
		888D1A5F1DEDB85E0023D1C2 /* Sources */ = {
			isa = PBXSourcesBuildPhase;
			buildActionMask = 2147483647;
			files = (
				88635D101DEE2BA700ACDB8C /* NetworkManager.swift in Sources */,
				88635D221DEE4D4400ACDB8C /* StringToDateTransform.swift in Sources */,
				88635D331DEEE89400ACDB8C /* FiltersViewController.swift in Sources */,
				88635D191DEE329D00ACDB8C /* Feed.swift in Sources */,
				88635D2E1DEE65AE00ACDB8C /* FlickrParser.swift in Sources */,
				88635D281DEE529600ACDB8C /* PhotoPreviewViewController.swift in Sources */,
				888D1A691DEDB85E0023D1C2 /* PhotosListViewController.swift in Sources */,
				88635D251DEE4DE200ACDB8C /* Date+toString.swift in Sources */,
				88635D1F1DEE424700ACDB8C /* PhotosListTableViewCell.swift in Sources */,
				88635D121DEE2BB500ACDB8C /* PhotosManager.swift in Sources */,
				88635D1B1DEE32A900ACDB8C /* ImageItem.swift in Sources */,
				88635D2C1DEE552800ACDB8C /* UIViewController+storyboardInstance.swift in Sources */,
				888D1A671DEDB85E0023D1C2 /* AppDelegate.swift in Sources */,
				88635D351DEEF3B400ACDB8C /* FiltersNavigationController.swift in Sources */,
			);
			runOnlyForDeploymentPostprocessing = 0;
		};
/* End PBXSourcesBuildPhase section */

/* Begin PBXVariantGroup section */
		888D1A6A1DEDB85E0023D1C2 /* Root.storyboard */ = {
			isa = PBXVariantGroup;
			children = (
				888D1A6B1DEDB85E0023D1C2 /* Base */,
			);
			name = Root.storyboard;
			sourceTree = "<group>";
		};
		888D1A6F1DEDB85E0023D1C2 /* LaunchScreen.storyboard */ = {
			isa = PBXVariantGroup;
			children = (
				888D1A701DEDB85E0023D1C2 /* Base */,
			);
			name = LaunchScreen.storyboard;
			sourceTree = "<group>";
		};
/* End PBXVariantGroup section */

/* Begin XCBuildConfiguration section */
		888D1A731DEDB85E0023D1C2 /* Debug */ = {
			isa = XCBuildConfiguration;
			buildSettings = {
				ALWAYS_SEARCH_USER_PATHS = NO;
				CLANG_ANALYZER_NONNULL = YES;
				CLANG_CXX_LANGUAGE_STANDARD = "gnu++0x";
				CLANG_CXX_LIBRARY = "libc++";
				CLANG_ENABLE_MODULES = YES;
				CLANG_ENABLE_OBJC_ARC = YES;
				CLANG_WARN_BOOL_CONVERSION = YES;
				CLANG_WARN_CONSTANT_CONVERSION = YES;
				CLANG_WARN_DIRECT_OBJC_ISA_USAGE = YES_ERROR;
				CLANG_WARN_DOCUMENTATION_COMMENTS = YES;
				CLANG_WARN_EMPTY_BODY = YES;
				CLANG_WARN_ENUM_CONVERSION = YES;
				CLANG_WARN_INFINITE_RECURSION = YES;
				CLANG_WARN_INT_CONVERSION = YES;
				CLANG_WARN_OBJC_ROOT_CLASS = YES_ERROR;
				CLANG_WARN_SUSPICIOUS_MOVES = YES;
				CLANG_WARN_UNREACHABLE_CODE = YES;
				CLANG_WARN__DUPLICATE_METHOD_MATCH = YES;
				"CODE_SIGN_IDENTITY[sdk=iphoneos*]" = "iPhone Developer";
				COPY_PHASE_STRIP = NO;
				DEBUG_INFORMATION_FORMAT = dwarf;
				ENABLE_STRICT_OBJC_MSGSEND = YES;
				ENABLE_TESTABILITY = YES;
				GCC_C_LANGUAGE_STANDARD = gnu99;
				GCC_DYNAMIC_NO_PIC = NO;
				GCC_NO_COMMON_BLOCKS = YES;
				GCC_OPTIMIZATION_LEVEL = 0;
				GCC_PREPROCESSOR_DEFINITIONS = (
					"DEBUG=1",
					"$(inherited)",
				);
				GCC_WARN_64_TO_32_BIT_CONVERSION = YES;
				GCC_WARN_ABOUT_RETURN_TYPE = YES_ERROR;
				GCC_WARN_UNDECLARED_SELECTOR = YES;
				GCC_WARN_UNINITIALIZED_AUTOS = YES_AGGRESSIVE;
				GCC_WARN_UNUSED_FUNCTION = YES;
				GCC_WARN_UNUSED_VARIABLE = YES;
				IPHONEOS_DEPLOYMENT_TARGET = 10.1;
				MTL_ENABLE_DEBUG_INFO = YES;
				ONLY_ACTIVE_ARCH = YES;
				SDKROOT = iphoneos;
				SWIFT_ACTIVE_COMPILATION_CONDITIONS = DEBUG;
				SWIFT_OPTIMIZATION_LEVEL = "-Onone";
				TARGETED_DEVICE_FAMILY = "1,2";
			};
			name = Debug;
		};
		888D1A741DEDB85E0023D1C2 /* Release */ = {
			isa = XCBuildConfiguration;
			buildSettings = {
				ALWAYS_SEARCH_USER_PATHS = NO;
				CLANG_ANALYZER_NONNULL = YES;
				CLANG_CXX_LANGUAGE_STANDARD = "gnu++0x";
				CLANG_CXX_LIBRARY = "libc++";
				CLANG_ENABLE_MODULES = YES;
				CLANG_ENABLE_OBJC_ARC = YES;
				CLANG_WARN_BOOL_CONVERSION = YES;
				CLANG_WARN_CONSTANT_CONVERSION = YES;
				CLANG_WARN_DIRECT_OBJC_ISA_USAGE = YES_ERROR;
				CLANG_WARN_DOCUMENTATION_COMMENTS = YES;
				CLANG_WARN_EMPTY_BODY = YES;
				CLANG_WARN_ENUM_CONVERSION = YES;
				CLANG_WARN_INFINITE_RECURSION = YES;
				CLANG_WARN_INT_CONVERSION = YES;
				CLANG_WARN_OBJC_ROOT_CLASS = YES_ERROR;
				CLANG_WARN_SUSPICIOUS_MOVES = YES;
				CLANG_WARN_UNREACHABLE_CODE = YES;
				CLANG_WARN__DUPLICATE_METHOD_MATCH = YES;
				"CODE_SIGN_IDENTITY[sdk=iphoneos*]" = "iPhone Developer";
				COPY_PHASE_STRIP = NO;
				DEBUG_INFORMATION_FORMAT = "dwarf-with-dsym";
				ENABLE_NS_ASSERTIONS = NO;
				ENABLE_STRICT_OBJC_MSGSEND = YES;
				GCC_C_LANGUAGE_STANDARD = gnu99;
				GCC_NO_COMMON_BLOCKS = YES;
				GCC_WARN_64_TO_32_BIT_CONVERSION = YES;
				GCC_WARN_ABOUT_RETURN_TYPE = YES_ERROR;
				GCC_WARN_UNDECLARED_SELECTOR = YES;
				GCC_WARN_UNINITIALIZED_AUTOS = YES_AGGRESSIVE;
				GCC_WARN_UNUSED_FUNCTION = YES;
				GCC_WARN_UNUSED_VARIABLE = YES;
				IPHONEOS_DEPLOYMENT_TARGET = 10.1;
				MTL_ENABLE_DEBUG_INFO = NO;
				SDKROOT = iphoneos;
				SWIFT_OPTIMIZATION_LEVEL = "-Owholemodule";
				TARGETED_DEVICE_FAMILY = "1,2";
				VALIDATE_PRODUCT = YES;
			};
			name = Release;
		};
		888D1A761DEDB85E0023D1C2 /* Debug */ = {
			isa = XCBuildConfiguration;
			baseConfigurationReference = 5EF5D137A0B28F80323E935C /* Pods-FlickrList.debug.xcconfig */;
			buildSettings = {
				ASSETCATALOG_COMPILER_APPICON_NAME = AppIcon;
				DEVELOPMENT_TEAM = 7HLY3EQ26F;
				INFOPLIST_FILE = FlickrList/Info.plist;
				LD_RUNPATH_SEARCH_PATHS = "$(inherited) @executable_path/Frameworks";
				PRODUCT_BUNDLE_IDENTIFIER = tetofa.FlickrList;
				PRODUCT_NAME = "$(TARGET_NAME)";
				SWIFT_VERSION = 3.0;
			};
			name = Debug;
		};
		888D1A771DEDB85E0023D1C2 /* Release */ = {
			isa = XCBuildConfiguration;
			baseConfigurationReference = 47CA2FB7CF219F1FE089D54C /* Pods-FlickrList.release.xcconfig */;
			buildSettings = {
				ASSETCATALOG_COMPILER_APPICON_NAME = AppIcon;
				DEVELOPMENT_TEAM = 7HLY3EQ26F;
				INFOPLIST_FILE = FlickrList/Info.plist;
				LD_RUNPATH_SEARCH_PATHS = "$(inherited) @executable_path/Frameworks";
				PRODUCT_BUNDLE_IDENTIFIER = tetofa.FlickrList;
				PRODUCT_NAME = "$(TARGET_NAME)";
				SWIFT_VERSION = 3.0;
			};
			name = Release;
		};
/* End XCBuildConfiguration section */

/* Begin XCConfigurationList section */
		888D1A5E1DEDB85E0023D1C2 /* Build configuration list for PBXProject "FlickrList" */ = {
			isa = XCConfigurationList;
			buildConfigurations = (
				888D1A731DEDB85E0023D1C2 /* Debug */,
				888D1A741DEDB85E0023D1C2 /* Release */,
			);
			defaultConfigurationIsVisible = 0;
			defaultConfigurationName = Release;
		};
		888D1A751DEDB85E0023D1C2 /* Build configuration list for PBXNativeTarget "FlickrList" */ = {
			isa = XCConfigurationList;
			buildConfigurations = (
				888D1A761DEDB85E0023D1C2 /* Debug */,
				888D1A771DEDB85E0023D1C2 /* Release */,
			);
			defaultConfigurationIsVisible = 0;
			defaultConfigurationName = Release;
		};
/* End XCConfigurationList section */
	};
	rootObject = 888D1A5B1DEDB85E0023D1C2 /* Project object */;
}
