// !$*UTF8*$!
{
	archiveVersion = 1;
	classes = {
	};
	objectVersion = 46;
	objects = {

/* Begin PBXBuildFile section */
		888D1A671DEDB85E0023D1C2 /* AppDelegate.swift in Sources */ = {isa = PBXBuildFile; fileRef = 888D1A661DEDB85E0023D1C2 /* AppDelegate.swift */; };
		888D1A691DEDB85E0023D1C2 /* ViewController.swift in Sources */ = {isa = PBXBuildFile; fileRef = 888D1A681DEDB85E0023D1C2 /* ViewController.swift */; };
		888D1A6C1DEDB85E0023D1C2 /* Main.storyboard in Resources */ = {isa = PBXBuildFile; fileRef = 888D1A6A1DEDB85E0023D1C2 /* Main.storyboard */; };
		888D1A6E1DEDB85E0023D1C2 /* Assets.xcassets in Resources */ = {isa = PBXBuildFile; fileRef = 888D1A6D1DEDB85E0023D1C2 /* Assets.xcassets */; };
		888D1A711DEDB85E0023D1C2 /* LaunchScreen.storyboard in Resources */ = {isa = PBXBuildFile; fileRef = 888D1A6F1DEDB85E0023D1C2 /* LaunchScreen.storyboard */; };
/* End PBXBuildFile section */

/* Begin PBXFileReference section */
		888D1A631DEDB85E0023D1C2 /* FlickrList.app */ = {isa = PBXFileReference; explicitFileType = wrapper.application; includeInIndex = 0; path = FlickrList.app; sourceTree = BUILT_PRODUCTS_DIR; };
		888D1A661DEDB85E0023D1C2 /* AppDelegate.swift */ = {isa = PBXFileReference; lastKnownFileType = sourcecode.swift; path = AppDelegate.swift; sourceTree = "<group>"; };
		888D1A681DEDB85E0023D1C2 /* ViewController.swift */ = {isa = PBXFileReference; lastKnownFileType = sourcecode.swift; path = ViewController.swift; sourceTree = "<group>"; };
		888D1A6B1DEDB85E0023D1C2 /* Base */ = {isa = PBXFileReference; lastKnownFileType = file.storyboard; name = Base; path = Base.lproj/Main.storyboard; sourceTree = "<group>"; };
		888D1A6D1DEDB85E0023D1C2 /* Assets.xcassets */ = {isa = PBXFileReference; lastKnownFileType = folder.assetcatalog; path = Assets.xcassets; sourceTree = "<group>"; };
		888D1A701DEDB85E0023D1C2 /* Base */ = {isa = PBXFileReference; lastKnownFileType = file.storyboard; name = Base; path = Base.lproj/LaunchScreen.storyboard; sourceTree = "<group>"; };
		888D1A721DEDB85E0023D1C2 /* Info.plist */ = {isa = PBXFileReference; lastKnownFileType = text.plist.xml; path = Info.plist; sourceTree = "<group>"; };
/* End PBXFileReference section */

/* Begin PBXFrameworksBuildPhase section */
		888D1A601DEDB85E0023D1C2 /* Frameworks */ = {
			isa = PBXFrameworksBuildPhase;
			buildActionMask = 2147483647;
			files = (
			);
			runOnlyForDeploymentPostprocessing = 0;
		};
/* End PBXFrameworksBuildPhase section */

/* Begin PBXGroup section */
		888D1A5A1DEDB85E0023D1C2 = {
			isa = PBXGroup;
			children = (
				888D1A651DEDB85E0023D1C2 /* FlickrList */,
				888D1A641DEDB85E0023D1C2 /* Products */,
			);
			sourceTree = "<group>";
		};
		888D1A641DEDB85E0023D1C2 /* Products */ = {
			isa = PBXGroup;
			children = (
				888D1A631DEDB85E0023D1C2 /* FlickrList.app */,
			);
			name = Products;
			sourceTree = "<group>";
		};
		888D1A651DEDB85E0023D1C2 /* FlickrList */ = {
			isa = PBXGroup;
			children = (
				888D1A661DEDB85E0023D1C2 /* AppDelegate.swift */,
				888D1A681DEDB85E0023D1C2 /* ViewController.swift */,
				888D1A6A1DEDB85E0023D1C2 /* Main.storyboard */,
				888D1A6D1DEDB85E0023D1C2 /* Assets.xcassets */,
				888D1A6F1DEDB85E0023D1C2 /* LaunchScreen.storyboard */,
				888D1A721DEDB85E0023D1C2 /* Info.plist */,
			);
			path = FlickrList;
			sourceTree = "<group>";
		};
/* End PBXGroup section */

/* Begin PBXNativeTarget section */
		888D1A621DEDB85E0023D1C2 /* FlickrList */ = {
			isa = PBXNativeTarget;
			buildConfigurationList = 888D1A751DEDB85E0023D1C2 /* Build configuration list for PBXNativeTarget "FlickrList" */;
			buildPhases = (
				888D1A5F1DEDB85E0023D1C2 /* Sources */,
				888D1A601DEDB85E0023D1C2 /* Frameworks */,
				888D1A611DEDB85E0023D1C2 /* Resources */,
			);
			buildRules = (
			);
			dependencies = (
			);
			name = FlickrList;
			productName = FlickrList;
			productReference = 888D1A631DEDB85E0023D1C2 /* FlickrList.app */;
			productType = "com.apple.product-type.application";
		};
/* End PBXNativeTarget section */

/* Begin PBXProject section */
		888D1A5B1DEDB85E0023D1C2 /* Project object */ = {
			isa = PBXProject;
			attributes = {
				LastSwiftUpdateCheck = 0810;
				LastUpgradeCheck = 0810;
				ORGANIZATIONNAME = "Алексей";
				TargetAttributes = {
					888D1A621DEDB85E0023D1C2 = {
						CreatedOnToolsVersion = 8.1;
						DevelopmentTeam = 7HLY3EQ26F;
						ProvisioningStyle = Automatic;
					};
				};
			};
			buildConfigurationList = 888D1A5E1DEDB85E0023D1C2 /* Build configuration list for PBXProject "FlickrList" */;
			compatibilityVersion = "Xcode 3.2";
			developmentRegion = English;
			hasScannedForEncodings = 0;
			knownRegions = (
				en,
				Base,
			);
			mainGroup = 888D1A5A1DEDB85E0023D1C2;
			productRefGroup = 888D1A641DEDB85E0023D1C2 /* Products */;
			projectDirPath = "";
			projectRoot = "";
			targets = (
				888D1A621DEDB85E0023D1C2 /* FlickrList */,
			);
		};
/* End PBXProject section */

/* Begin PBXResourcesBuildPhase section */
		888D1A611DEDB85E0023D1C2 /* Resources */ = {
			isa = PBXResourcesBuildPhase;
			buildActionMask = 2147483647;
			files = (
				888D1A711DEDB85E0023D1C2 /* LaunchScreen.storyboard in Resources */,
				888D1A6E1DEDB85E0023D1C2 /* Assets.xcassets in Resources */,
				888D1A6C1DEDB85E0023D1C2 /* Main.storyboard in Resources */,
			);
			runOnlyForDeploymentPostprocessing = 0;
		};
/* End PBXResourcesBuildPhase section */

/* Begin PBXSourcesBuildPhase section */
		888D1A5F1DEDB85E0023D1C2 /* Sources */ = {
			isa = PBXSourcesBuildPhase;
			buildActionMask = 2147483647;
			files = (
				888D1A691DEDB85E0023D1C2 /* ViewController.swift in Sources */,
				888D1A671DEDB85E0023D1C2 /* AppDelegate.swift in Sources */,
			);
			runOnlyForDeploymentPostprocessing = 0;
		};
/* End PBXSourcesBuildPhase section */

/* Begin PBXVariantGroup section */
		888D1A6A1DEDB85E0023D1C2 /* Main.storyboard */ = {
			isa = PBXVariantGroup;
			children = (
				888D1A6B1DEDB85E0023D1C2 /* Base */,
			);
			name = Main.storyboard;
			sourceTree = "<group>";
		};
		888D1A6F1DEDB85E0023D1C2 /* LaunchScreen.storyboard */ = {
			isa = PBXVariantGroup;
			children = (
				888D1A701DEDB85E0023D1C2 /* Base */,
			);
			name = LaunchScreen.storyboard;
			sourceTree = "<group>";
		};
/* End PBXVariantGroup section */

/* Begin XCBuildConfiguration section */
		888D1A731DEDB85E0023D1C2 /* Debug */ = {
			isa = XCBuildConfiguration;
			buildSettings = {
				ALWAYS_SEARCH_USER_PATHS = NO;
				CLANG_ANALYZER_NONNULL = YES;
				CLANG_CXX_LANGUAGE_STANDARD = "gnu++0x";
				CLANG_CXX_LIBRARY = "libc++";
				CLANG_ENABLE_MODULES = YES;
				CLANG_ENABLE_OBJC_ARC = YES;
				CLANG_WARN_BOOL_CONVERSION = YES;
				CLANG_WARN_CONSTANT_CONVERSION = YES;
				CLANG_WARN_DIRECT_OBJC_ISA_USAGE = YES_ERROR;
				CLANG_WARN_DOCUMENTATION_COMMENTS = YES;
				CLANG_WARN_EMPTY_BODY = YES;
				CLANG_WARN_ENUM_CONVERSION = YES;
				CLANG_WARN_INFINITE_RECURSION = YES;
				CLANG_WARN_INT_CONVERSION = YES;
				CLANG_WARN_OBJC_ROOT_CLASS = YES_ERROR;
				CLANG_WARN_SUSPICIOUS_MOVES = YES;
				CLANG_WARN_UNREACHABLE_CODE = YES;
				CLANG_WARN__DUPLICATE_METHOD_MATCH = YES;
				"CODE_SIGN_IDENTITY[sdk=iphoneos*]" = "iPhone Developer";
				COPY_PHASE_STRIP = NO;
				DEBUG_INFORMATION_FORMAT = dwarf;
				ENABLE_STRICT_OBJC_MSGSEND = YES;
				ENABLE_TESTABILITY = YES;
				GCC_C_LANGUAGE_STANDARD = gnu99;
				GCC_DYNAMIC_NO_PIC = NO;
				GCC_NO_COMMON_BLOCKS = YES;
				GCC_OPTIMIZATION_LEVEL = 0;
				GCC_PREPROCESSOR_DEFINITIONS = (
					"DEBUG=1",
					"$(inherited)",
				);
				GCC_WARN_64_TO_32_BIT_CONVERSION = YES;
				GCC_WARN_ABOUT_RETURN_TYPE = YES_ERROR;
				GCC_WARN_UNDECLARED_SELECTOR = YES;
				GCC_WARN_UNINITIALIZED_AUTOS = YES_AGGRESSIVE;
				GCC_WARN_UNUSED_FUNCTION = YES;
				GCC_WARN_UNUSED_VARIABLE = YES;
				IPHONEOS_DEPLOYMENT_TARGET = 10.1;
				MTL_ENABLE_DEBUG_INFO = YES;
				ONLY_ACTIVE_ARCH = YES;
				SDKROOT = iphoneos;
				SWIFT_ACTIVE_COMPILATION_CONDITIONS = DEBUG;
				SWIFT_OPTIMIZATION_LEVEL = "-Onone";
				TARGETED_DEVICE_FAMILY = "1,2";
			};
			name = Debug;
		};
		888D1A741DEDB85E0023D1C2 /* Release */ = {
			isa = XCBuildConfiguration;
			buildSettings = {
				ALWAYS_SEARCH_USER_PATHS = NO;
				CLANG_ANALYZER_NONNULL = YES;
				CLANG_CXX_LANGUAGE_STANDARD = "gnu++0x";
				CLANG_CXX_LIBRARY = "libc++";
				CLANG_ENABLE_MODULES = YES;
				CLANG_ENABLE_OBJC_ARC = YES;
				CLANG_WARN_BOOL_CONVERSION = YES;
				CLANG_WARN_CONSTANT_CONVERSION = YES;
				CLANG_WARN_DIRECT_OBJC_ISA_USAGE = YES_ERROR;
				CLANG_WARN_DOCUMENTATION_COMMENTS = YES;
				CLANG_WARN_EMPTY_BODY = YES;
				CLANG_WARN_ENUM_CONVERSION = YES;
				CLANG_WARN_INFINITE_RECURSION = YES;
				CLANG_WARN_INT_CONVERSION = YES;
				CLANG_WARN_OBJC_ROOT_CLASS = YES_ERROR;
				CLANG_WARN_SUSPICIOUS_MOVES = YES;
				CLANG_WARN_UNREACHABLE_CODE = YES;
				CLANG_WARN__DUPLICATE_METHOD_MATCH = YES;
				"CODE_SIGN_IDENTITY[sdk=iphoneos*]" = "iPhone Developer";
				COPY_PHASE_STRIP = NO;
				DEBUG_INFORMATION_FORMAT = "dwarf-with-dsym";
				ENABLE_NS_ASSERTIONS = NO;
				ENABLE_STRICT_OBJC_MSGSEND = YES;
				GCC_C_LANGUAGE_STANDARD = gnu99;
				GCC_NO_COMMON_BLOCKS = YES;
				GCC_WARN_64_TO_32_BIT_CONVERSION = YES;
				GCC_WARN_ABOUT_RETURN_TYPE = YES_ERROR;
				GCC_WARN_UNDECLARED_SELECTOR = YES;
				GCC_WARN_UNINITIALIZED_AUTOS = YES_AGGRESSIVE;
				GCC_WARN_UNUSED_FUNCTION = YES;
				GCC_WARN_UNUSED_VARIABLE = YES;
				IPHONEOS_DEPLOYMENT_TARGET = 10.1;
				MTL_ENABLE_DEBUG_INFO = NO;
				SDKROOT = iphoneos;
				SWIFT_OPTIMIZATION_LEVEL = "-Owholemodule";
				TARGETED_DEVICE_FAMILY = "1,2";
				VALIDATE_PRODUCT = YES;
			};
			name = Release;
		};
		888D1A761DEDB85E0023D1C2 /* Debug */ = {
			isa = XCBuildConfiguration;
			buildSettings = {
				ASSETCATALOG_COMPILER_APPICON_NAME = AppIcon;
				DEVELOPMENT_TEAM = 7HLY3EQ26F;
				INFOPLIST_FILE = FlickrList/Info.plist;
				LD_RUNPATH_SEARCH_PATHS = "$(inherited) @executable_path/Frameworks";
				PRODUCT_BUNDLE_IDENTIFIER = tetofa.FlickrList;
				PRODUCT_NAME = "$(TARGET_NAME)";
				SWIFT_VERSION = 3.0;
			};
			name = Debug;
		};
		888D1A771DEDB85E0023D1C2 /* Release */ = {
			isa = XCBuildConfiguration;
			buildSettings = {
				ASSETCATALOG_COMPILER_APPICON_NAME = AppIcon;
				DEVELOPMENT_TEAM = 7HLY3EQ26F;
				INFOPLIST_FILE = FlickrList/Info.plist;
				LD_RUNPATH_SEARCH_PATHS = "$(inherited) @executable_path/Frameworks";
				PRODUCT_BUNDLE_IDENTIFIER = tetofa.FlickrList;
				PRODUCT_NAME = "$(TARGET_NAME)";
				SWIFT_VERSION = 3.0;
			};
			name = Release;
		};
/* End XCBuildConfiguration section */

/* Begin XCConfigurationList section */
		888D1A5E1DEDB85E0023D1C2 /* Build configuration list for PBXProject "FlickrList" */ = {
			isa = XCConfigurationList;
			buildConfigurations = (
				888D1A731DEDB85E0023D1C2 /* Debug */,
				888D1A741DEDB85E0023D1C2 /* Release */,
			);
			defaultConfigurationIsVisible = 0;
			defaultConfigurationName = Release;
		};
		888D1A751DEDB85E0023D1C2 /* Build configuration list for PBXNativeTarget "FlickrList" */ = {
			isa = XCConfigurationList;
			buildConfigurations = (
				888D1A761DEDB85E0023D1C2 /* Debug */,
				888D1A771DEDB85E0023D1C2 /* Release */,
			);
			defaultConfigurationIsVisible = 0;
		};
/* End XCConfigurationList section */
	};
	rootObject = 888D1A5B1DEDB85E0023D1C2 /* Project object */;
}
